// !$*UTF8*$!
{
	archiveVersion = 1;
	classes = {
	};
	objectVersion = 46;
	objects = {
/* Begin PBXBuildFile section */
		83D30AB42378929F008A4D08 /* SpotifyiOS.framework in Frameworks */ = {isa = PBXBuildFile; fileRef = 83D30AB32378929F008A4D08 /* SpotifyiOS.framework */; };
		83D30AB52378929F008A4D08 /* SpotifyiOS.framework in Embed Frameworks */ = {isa = PBXBuildFile; fileRef = 83D30AB32378929F008A4D08 /* SpotifyiOS.framework */; settings = {ATTRIBUTES = (CodeSignOnCopy, RemoveHeadersOnCopy, ); }; };
		B501732B1DC01252003445D9 /* EXShell.plist in Resources */ = {isa = PBXBuildFile; fileRef = B501732A1DC01252003445D9 /* EXShell.plist */; };
		B56386491DB9693800A0598C /* AppDelegate.m in Sources */ = {isa = PBXBuildFile; fileRef = B56386481DB9693800A0598C /* AppDelegate.m */; };
		B56386511DB9693800A0598C /* Assets.xcassets in Resources */ = {isa = PBXBuildFile; fileRef = B56386501DB9693800A0598C /* Assets.xcassets */; };
		B56386611DB96A5E00A0598C /* main.m in Sources */ = {isa = PBXBuildFile; fileRef = B563865E1DB96A5E00A0598C /* main.m */; };
		B56386671DB9994300A0598C /* EXSDKVersions.plist in Resources */ = {isa = PBXBuildFile; fileRef = B56386661DB9994300A0598C /* EXSDKVersions.plist */; };
		B5693E8E1FABD16A00307FA4 /* LaunchScreen.xib in Resources */ = {isa = PBXBuildFile; fileRef = B5693E8D1FABD16A00307FA4 /* LaunchScreen.xib */; };
		B5693E911FABD46800307FA4 /* launch_background_image.png in Resources */ = {isa = PBXBuildFile; fileRef = B5693E8F1FABD46800307FA4 /* launch_background_image.png */; };
		B5693E921FABD46800307FA4 /* launch_icon.png in Resources */ = {isa = PBXBuildFile; fileRef = B5693E901FABD46800307FA4 /* launch_icon.png */; };
		B5CFBF4F1EDE419400B4BE24 /* EXBuildConstants.plist in Resources */ = {isa = PBXBuildFile; fileRef = B5CFBF4E1EDE419400B4BE24 /* EXBuildConstants.plist */; };
		B5DB04801F3A684600E91581 /* shell-app-manifest.json in Resources */ = {isa = PBXBuildFile; fileRef = B5DB047E1F3A684600E91581 /* shell-app-manifest.json */; };
		B5DB04811F3A684600E91581 /* shell-app.bundle in Resources */ = {isa = PBXBuildFile; fileRef = B5DB047F1F3A684600E91581 /* shell-app.bundle */; };
		EBB8117C1BFA0514F79CAF74 /* libPods-sounddump.a in Frameworks */ = {isa = PBXBuildFile; fileRef = C4A88D15726AD99E8A257BC7 /* libPods-sounddump.a */; };
		4D1F13BD6BE14D5BAC0E0796 /* AntDesign.ttf in Resources */ = {isa = PBXBuildFile; fileRef = 446D937A46044944AD00EA22 /* AntDesign.ttf */; };
		D584FBC449B04BE9A30EFDA0 /* Entypo.ttf in Resources */ = {isa = PBXBuildFile; fileRef = 846309ADB8A142C4B6480CA3 /* Entypo.ttf */; };
		890A2C65690F4EA991D5FFDA /* EvilIcons.ttf in Resources */ = {isa = PBXBuildFile; fileRef = 8676DA82F9F44128AB7E542C /* EvilIcons.ttf */; };
		17CF095FE44140BBB03DF907 /* Feather.ttf in Resources */ = {isa = PBXBuildFile; fileRef = BECA57FBE35F4A73AF4EF182 /* Feather.ttf */; };
		ECCF63F5ACFE4C74BD15E181 /* FontAwesome.ttf in Resources */ = {isa = PBXBuildFile; fileRef = AB673709E6B3428CBB2C1646 /* FontAwesome.ttf */; };
		5F79FE6F1D5043248D39D160 /* FontAwesome5_Brands.ttf in Resources */ = {isa = PBXBuildFile; fileRef = 305719D1C36A40D98E10F8BF /* FontAwesome5_Brands.ttf */; };
		4DE3FF6128EF4E7CA1CFD3E4 /* FontAwesome5_Regular.ttf in Resources */ = {isa = PBXBuildFile; fileRef = 90325B1A990F4A35AC9464F4 /* FontAwesome5_Regular.ttf */; };
		4F5527BD98C24E2C9F1FA4FF /* FontAwesome5_Solid.ttf in Resources */ = {isa = PBXBuildFile; fileRef = 81666EB07BAF4CDC8E927AC1 /* FontAwesome5_Solid.ttf */; };
		D34C5FB3F3954158861110CB /* Fontisto.ttf in Resources */ = {isa = PBXBuildFile; fileRef = 2B5AC01E026342069A62AF4F /* Fontisto.ttf */; };
		29BC9A8E206048C89BF7773B /* Foundation.ttf in Resources */ = {isa = PBXBuildFile; fileRef = 4EA84EA472644CB8BFDDF1F8 /* Foundation.ttf */; };
		13C143B0EB1F4673B3E5FE40 /* Ionicons.ttf in Resources */ = {isa = PBXBuildFile; fileRef = 37749583500244F68471438E /* Ionicons.ttf */; };
		3E5FFFA0980B41148CCC1720 /* MaterialCommunityIcons.ttf in Resources */ = {isa = PBXBuildFile; fileRef = 7542A8370E4545B18FEB0551 /* MaterialCommunityIcons.ttf */; };
		6942832677A146AF9C71022E /* MaterialIcons.ttf in Resources */ = {isa = PBXBuildFile; fileRef = 539B422C907D41A2A83F596A /* MaterialIcons.ttf */; };
		AD74F219A30D47199515423F /* Octicons.ttf in Resources */ = {isa = PBXBuildFile; fileRef = FFB243DF86C643F79C446C36 /* Octicons.ttf */; };
		0F5EB4CD7EC648399678BE45 /* SimpleLineIcons.ttf in Resources */ = {isa = PBXBuildFile; fileRef = 99680BFB13C04FF888108935 /* SimpleLineIcons.ttf */; };
		72F7245F055949D79171BD7A /* Zocial.ttf in Resources */ = {isa = PBXBuildFile; fileRef = 58E748E1E6E140D0A42070FD /* Zocial.ttf */; };
		223D5B63F19D4CEBB3AF90FC /* antfill.ttf in Resources */ = {isa = PBXBuildFile; fileRef = 2B833928CBB1435DB665997E /* antfill.ttf */; };
		281368C4C8D1429AA10DF563 /* antoutline.ttf in Resources */ = {isa = PBXBuildFile; fileRef = 4DA157A07ABD442DBC44EE80 /* antoutline.ttf */; };
/* End PBXBuildFile section */

/* Begin PBXCopyFilesBuildPhase section */
		83D30AB62378929F008A4D08 /* Embed Frameworks */ = {
			isa = PBXCopyFilesBuildPhase;
			buildActionMask = 2147483647;
			dstPath = "";
			dstSubfolderSpec = 10;
			files = (
				83D30AB52378929F008A4D08 /* SpotifyiOS.framework in Embed Frameworks */,
			);
			name = "Embed Frameworks";
			runOnlyForDeploymentPostprocessing = 0;
		};
/* End PBXCopyFilesBuildPhase section */

/* Begin PBXFileReference section */
		2C1548D9E4CB1AEFA5CCAE6D /* Pods-sounddump.debug.xcconfig */ = {isa = PBXFileReference; includeInIndex = 1; lastKnownFileType = text.xcconfig; name = "Pods-sounddump.debug.xcconfig"; path = "Pods/Target Support Files/Pods-sounddump/Pods-sounddump.debug.xcconfig"; sourceTree = "<group>"; };
		83D30AB32378929F008A4D08 /* SpotifyiOS.framework */ = {isa = PBXFileReference; lastKnownFileType = wrapper.framework; name = SpotifyiOS.framework; path = "../../../../../../Downloads/ios-sdk-master/SpotifyiOS.framework"; sourceTree = "<group>"; };
		A47FE4D7F70906B7DC8CE39B /* Pods-sounddump.release.xcconfig */ = {isa = PBXFileReference; includeInIndex = 1; lastKnownFileType = text.xcconfig; name = "Pods-sounddump.release.xcconfig"; path = "Pods/Target Support Files/Pods-sounddump/Pods-sounddump.release.xcconfig"; sourceTree = "<group>"; };
		B501732A1DC01252003445D9 /* EXShell.plist */ = {isa = PBXFileReference; fileEncoding = 4; lastKnownFileType = text.plist.xml; path = EXShell.plist; sourceTree = "<group>"; };
		B56386411DB9693800A0598C /* sounddump.app */ = {isa = PBXFileReference; explicitFileType = wrapper.application; includeInIndex = 0; path = sounddump.app; sourceTree = BUILT_PRODUCTS_DIR; };
		B56386471DB9693800A0598C /* AppDelegate.h */ = {isa = PBXFileReference; lastKnownFileType = sourcecode.c.h; path = AppDelegate.h; sourceTree = "<group>"; };
		B56386481DB9693800A0598C /* AppDelegate.m */ = {isa = PBXFileReference; lastKnownFileType = sourcecode.c.objc; path = AppDelegate.m; sourceTree = "<group>"; };
		B56386501DB9693800A0598C /* Assets.xcassets */ = {isa = PBXFileReference; lastKnownFileType = folder.assetcatalog; path = Assets.xcassets; sourceTree = "<group>"; };
		B563865C1DB96A5E00A0598C /* Info.plist */ = {isa = PBXFileReference; fileEncoding = 4; lastKnownFileType = text.plist.xml; path = Info.plist; sourceTree = "<group>"; };
		B563865E1DB96A5E00A0598C /* main.m */ = {isa = PBXFileReference; fileEncoding = 4; lastKnownFileType = sourcecode.c.objc; path = main.m; sourceTree = "<group>"; };
		B56386661DB9994300A0598C /* EXSDKVersions.plist */ = {isa = PBXFileReference; fileEncoding = 4; lastKnownFileType = text.plist.xml; path = EXSDKVersions.plist; sourceTree = "<group>"; };
		B5693E8D1FABD16A00307FA4 /* LaunchScreen.xib */ = {isa = PBXFileReference; fileEncoding = 4; lastKnownFileType = file.xib; path = LaunchScreen.xib; sourceTree = "<group>"; };
		B5693E8F1FABD46800307FA4 /* launch_background_image.png */ = {isa = PBXFileReference; lastKnownFileType = image.png; path = launch_background_image.png; sourceTree = "<group>"; };
		B5693E901FABD46800307FA4 /* launch_icon.png */ = {isa = PBXFileReference; lastKnownFileType = image.png; path = launch_icon.png; sourceTree = "<group>"; };
		B5CFBF4E1EDE419400B4BE24 /* EXBuildConstants.plist */ = {isa = PBXFileReference; fileEncoding = 4; lastKnownFileType = text.plist.xml; path = EXBuildConstants.plist; sourceTree = "<group>"; };
		B5DB047E1F3A684600E91581 /* shell-app-manifest.json */ = {isa = PBXFileReference; fileEncoding = 4; lastKnownFileType = text.json; path = "shell-app-manifest.json"; sourceTree = "<group>"; };
		B5DB047F1F3A684600E91581 /* shell-app.bundle */ = {isa = PBXFileReference; fileEncoding = 4; lastKnownFileType = text; path = "shell-app.bundle"; sourceTree = "<group>"; };
		C4A88D15726AD99E8A257BC7 /* libPods-sounddump.a */ = {isa = PBXFileReference; explicitFileType = archive.ar; includeInIndex = 0; path = "libPods-sounddump.a"; sourceTree = BUILT_PRODUCTS_DIR; };
		446D937A46044944AD00EA22 /* AntDesign.ttf */ = {isa = PBXFileReference; name = "AntDesign.ttf"; path = "../node_modules/react-native-vector-icons/Fonts/AntDesign.ttf"; sourceTree = "<group>"; fileEncoding = undefined; lastKnownFileType = unknown; explicitFileType = undefined; includeInIndex = 0; };
		846309ADB8A142C4B6480CA3 /* Entypo.ttf */ = {isa = PBXFileReference; name = "Entypo.ttf"; path = "../node_modules/react-native-vector-icons/Fonts/Entypo.ttf"; sourceTree = "<group>"; fileEncoding = undefined; lastKnownFileType = unknown; explicitFileType = undefined; includeInIndex = 0; };
		8676DA82F9F44128AB7E542C /* EvilIcons.ttf */ = {isa = PBXFileReference; name = "EvilIcons.ttf"; path = "../node_modules/react-native-vector-icons/Fonts/EvilIcons.ttf"; sourceTree = "<group>"; fileEncoding = undefined; lastKnownFileType = unknown; explicitFileType = undefined; includeInIndex = 0; };
		BECA57FBE35F4A73AF4EF182 /* Feather.ttf */ = {isa = PBXFileReference; name = "Feather.ttf"; path = "../node_modules/react-native-vector-icons/Fonts/Feather.ttf"; sourceTree = "<group>"; fileEncoding = undefined; lastKnownFileType = unknown; explicitFileType = undefined; includeInIndex = 0; };
		AB673709E6B3428CBB2C1646 /* FontAwesome.ttf */ = {isa = PBXFileReference; name = "FontAwesome.ttf"; path = "../node_modules/react-native-vector-icons/Fonts/FontAwesome.ttf"; sourceTree = "<group>"; fileEncoding = undefined; lastKnownFileType = unknown; explicitFileType = undefined; includeInIndex = 0; };
		305719D1C36A40D98E10F8BF /* FontAwesome5_Brands.ttf */ = {isa = PBXFileReference; name = "FontAwesome5_Brands.ttf"; path = "../node_modules/react-native-vector-icons/Fonts/FontAwesome5_Brands.ttf"; sourceTree = "<group>"; fileEncoding = undefined; lastKnownFileType = unknown; explicitFileType = undefined; includeInIndex = 0; };
		90325B1A990F4A35AC9464F4 /* FontAwesome5_Regular.ttf */ = {isa = PBXFileReference; name = "FontAwesome5_Regular.ttf"; path = "../node_modules/react-native-vector-icons/Fonts/FontAwesome5_Regular.ttf"; sourceTree = "<group>"; fileEncoding = undefined; lastKnownFileType = unknown; explicitFileType = undefined; includeInIndex = 0; };
		81666EB07BAF4CDC8E927AC1 /* FontAwesome5_Solid.ttf */ = {isa = PBXFileReference; name = "FontAwesome5_Solid.ttf"; path = "../node_modules/react-native-vector-icons/Fonts/FontAwesome5_Solid.ttf"; sourceTree = "<group>"; fileEncoding = undefined; lastKnownFileType = unknown; explicitFileType = undefined; includeInIndex = 0; };
		2B5AC01E026342069A62AF4F /* Fontisto.ttf */ = {isa = PBXFileReference; name = "Fontisto.ttf"; path = "../node_modules/react-native-vector-icons/Fonts/Fontisto.ttf"; sourceTree = "<group>"; fileEncoding = undefined; lastKnownFileType = unknown; explicitFileType = undefined; includeInIndex = 0; };
		4EA84EA472644CB8BFDDF1F8 /* Foundation.ttf */ = {isa = PBXFileReference; name = "Foundation.ttf"; path = "../node_modules/react-native-vector-icons/Fonts/Foundation.ttf"; sourceTree = "<group>"; fileEncoding = undefined; lastKnownFileType = unknown; explicitFileType = undefined; includeInIndex = 0; };
		37749583500244F68471438E /* Ionicons.ttf */ = {isa = PBXFileReference; name = "Ionicons.ttf"; path = "../node_modules/react-native-vector-icons/Fonts/Ionicons.ttf"; sourceTree = "<group>"; fileEncoding = undefined; lastKnownFileType = unknown; explicitFileType = undefined; includeInIndex = 0; };
		7542A8370E4545B18FEB0551 /* MaterialCommunityIcons.ttf */ = {isa = PBXFileReference; name = "MaterialCommunityIcons.ttf"; path = "../node_modules/react-native-vector-icons/Fonts/MaterialCommunityIcons.ttf"; sourceTree = "<group>"; fileEncoding = undefined; lastKnownFileType = unknown; explicitFileType = undefined; includeInIndex = 0; };
		539B422C907D41A2A83F596A /* MaterialIcons.ttf */ = {isa = PBXFileReference; name = "MaterialIcons.ttf"; path = "../node_modules/react-native-vector-icons/Fonts/MaterialIcons.ttf"; sourceTree = "<group>"; fileEncoding = undefined; lastKnownFileType = unknown; explicitFileType = undefined; includeInIndex = 0; };
		FFB243DF86C643F79C446C36 /* Octicons.ttf */ = {isa = PBXFileReference; name = "Octicons.ttf"; path = "../node_modules/react-native-vector-icons/Fonts/Octicons.ttf"; sourceTree = "<group>"; fileEncoding = undefined; lastKnownFileType = unknown; explicitFileType = undefined; includeInIndex = 0; };
		99680BFB13C04FF888108935 /* SimpleLineIcons.ttf */ = {isa = PBXFileReference; name = "SimpleLineIcons.ttf"; path = "../node_modules/react-native-vector-icons/Fonts/SimpleLineIcons.ttf"; sourceTree = "<group>"; fileEncoding = undefined; lastKnownFileType = unknown; explicitFileType = undefined; includeInIndex = 0; };
		58E748E1E6E140D0A42070FD /* Zocial.ttf */ = {isa = PBXFileReference; name = "Zocial.ttf"; path = "../node_modules/react-native-vector-icons/Fonts/Zocial.ttf"; sourceTree = "<group>"; fileEncoding = undefined; lastKnownFileType = unknown; explicitFileType = undefined; includeInIndex = 0; };
		2B833928CBB1435DB665997E /* antfill.ttf */ = {isa = PBXFileReference; name = "antfill.ttf"; path = "../node_modules/@ant-design/icons-react-native/fonts/antfill.ttf"; sourceTree = "<group>"; fileEncoding = undefined; lastKnownFileType = unknown; explicitFileType = undefined; includeInIndex = 0; };
		4DA157A07ABD442DBC44EE80 /* antoutline.ttf */ = {isa = PBXFileReference; name = "antoutline.ttf"; path = "../node_modules/@ant-design/icons-react-native/fonts/antoutline.ttf"; sourceTree = "<group>"; fileEncoding = undefined; lastKnownFileType = unknown; explicitFileType = undefined; includeInIndex = 0; };
/* End PBXFileReference section */

/* Begin PBXFrameworksBuildPhase section */
		B563863E1DB9693800A0598C /* Frameworks */ = {
			isa = PBXFrameworksBuildPhase;
			buildActionMask = 2147483647;
			files = (
				EBB8117C1BFA0514F79CAF74 /* libPods-sounddump.a in Frameworks */,
				83D30AB42378929F008A4D08 /* SpotifyiOS.framework in Frameworks */,
			);
			runOnlyForDeploymentPostprocessing = 0;
		};
/* End PBXFrameworksBuildPhase section */

/* Begin PBXGroup section */
		1A42804E64B7E9E0AB8B6799 /* Frameworks */ = {
			isa = PBXGroup;
			children = (
				83D30AB32378929F008A4D08 /* SpotifyiOS.framework */,
				C4A88D15726AD99E8A257BC7 /* libPods-sounddump.a */,
			);
			name = Frameworks;
			sourceTree = "<group>";
		};
		5B29BC350A332C58878A9F13 /* Pods */ = {
			isa = PBXGroup;
			children = (
				2C1548D9E4CB1AEFA5CCAE6D /* Pods-sounddump.debug.xcconfig */,
				A47FE4D7F70906B7DC8CE39B /* Pods-sounddump.release.xcconfig */,
			);
			name = Pods;
			sourceTree = "<group>";
		};
		B56386381DB9693800A0598C = {
			isa = PBXGroup;
			children = (
				B56386431DB9693800A0598C /* sounddump */,
				B56386421DB9693800A0598C /* Products */,
				5B29BC350A332C58878A9F13 /* Pods */,
				1A42804E64B7E9E0AB8B6799 /* Frameworks */,
				AA35EECF19DD4C3C9FE1834B /* Resources */,
			);
			sourceTree = "<group>";
		};
		B56386421DB9693800A0598C /* Products */ = {
			isa = PBXGroup;
			children = (
				B56386411DB9693800A0598C /* sounddump.app */,
			);
			name = Products;
			sourceTree = "<group>";
		};
		B56386431DB9693800A0598C /* sounddump */ = {
			isa = PBXGroup;
			children = (
				B56386471DB9693800A0598C /* AppDelegate.h */,
				B56386481DB9693800A0598C /* AppDelegate.m */,
				B56386501DB9693800A0598C /* Assets.xcassets */,
				B563865B1DB96A5E00A0598C /* Supporting */,
			);
			path = sounddump;
			sourceTree = "<group>";
		};
		B563865B1DB96A5E00A0598C /* Supporting */ = {
			isa = PBXGroup;
			children = (
				B5693E8F1FABD46800307FA4 /* launch_background_image.png */,
				B5693E901FABD46800307FA4 /* launch_icon.png */,
				B5693E8D1FABD16A00307FA4 /* LaunchScreen.xib */,
				B5DB047E1F3A684600E91581 /* shell-app-manifest.json */,
				B5DB047F1F3A684600E91581 /* shell-app.bundle */,
				B5CFBF4E1EDE419400B4BE24 /* EXBuildConstants.plist */,
				B501732A1DC01252003445D9 /* EXShell.plist */,
				B56386661DB9994300A0598C /* EXSDKVersions.plist */,
				B563865C1DB96A5E00A0598C /* Info.plist */,
				B563865E1DB96A5E00A0598C /* main.m */,
			);
			path = Supporting;
			sourceTree = "<group>";
		};
		AA35EECF19DD4C3C9FE1834B /* Resources */ = {
			isa = "PBXGroup";
			children = (
				446D937A46044944AD00EA22 /* AntDesign.ttf */,
				846309ADB8A142C4B6480CA3 /* Entypo.ttf */,
				8676DA82F9F44128AB7E542C /* EvilIcons.ttf */,
				BECA57FBE35F4A73AF4EF182 /* Feather.ttf */,
				AB673709E6B3428CBB2C1646 /* FontAwesome.ttf */,
				305719D1C36A40D98E10F8BF /* FontAwesome5_Brands.ttf */,
				90325B1A990F4A35AC9464F4 /* FontAwesome5_Regular.ttf */,
				81666EB07BAF4CDC8E927AC1 /* FontAwesome5_Solid.ttf */,
				2B5AC01E026342069A62AF4F /* Fontisto.ttf */,
				4EA84EA472644CB8BFDDF1F8 /* Foundation.ttf */,
				37749583500244F68471438E /* Ionicons.ttf */,
				7542A8370E4545B18FEB0551 /* MaterialCommunityIcons.ttf */,
				539B422C907D41A2A83F596A /* MaterialIcons.ttf */,
				FFB243DF86C643F79C446C36 /* Octicons.ttf */,
				99680BFB13C04FF888108935 /* SimpleLineIcons.ttf */,
				58E748E1E6E140D0A42070FD /* Zocial.ttf */,
				2B833928CBB1435DB665997E /* antfill.ttf */,
				4DA157A07ABD442DBC44EE80 /* antoutline.ttf */,
			);
			name = Resources;
			sourceTree = "<group>";
			path = "";
		};
/* End PBXGroup section */

/* Begin PBXNativeTarget section */
		B56386401DB9693800A0598C /* sounddump */ = {
			isa = PBXNativeTarget;
			buildConfigurationList = B56386581DB9693800A0598C /* Build configuration list for PBXNativeTarget "sounddump" */;
			buildPhases = (
				23539343DCC44EF8449429EE /* [CP] Check Pods Manifest.lock */,
				B5722AD01DFB7E3F0084848F /* Prepare Expo */,
				B563863D1DB9693800A0598C /* Sources */,
				B563863E1DB9693800A0598C /* Frameworks */,
				B563863F1DB9693800A0598C /* Resources */,
				8D34C7FE3D99F20E5EA1B18A /* [CP] Embed Pods Frameworks */,
				AA38385B7D8D0854176B72FC /* [CP] Copy Pods Resources */,
				19D233B7204FDD7D0087ED51 /* Bundle Expo Assets */,
				83D30AB62378929F008A4D08 /* Embed Frameworks */,
			);
			buildRules = (
			);
			dependencies = (
			);
			name = sounddump;
			productName = sounddump;
			productReference = B56386411DB9693800A0598C /* sounddump.app */;
			productType = "com.apple.product-type.application";
		};
/* End PBXNativeTarget section */

/* Begin PBXProject section */
		B56386391DB9693800A0598C /* Project object */ = {
			isa = PBXProject;
			attributes = {
				LastUpgradeCheck = 900;
				ORGANIZATIONNAME = "650 Industries, Inc.";
				TargetAttributes = {
					B56386401DB9693800A0598C = {
						CreatedOnToolsVersion = 8.0;
						DevelopmentTeam = C8D8QTF339;
						ProvisioningStyle = Automatic;
					};
				};
			};
			buildConfigurationList = B563863C1DB9693800A0598C /* Build configuration list for PBXProject "sounddump" */;
			compatibilityVersion = "Xcode 3.2";
			developmentRegion = English;
			hasScannedForEncodings = 0;
			knownRegions = (
				English,
				en,
				Base,
			);
			mainGroup = B56386381DB9693800A0598C;
			productRefGroup = B56386421DB9693800A0598C /* Products */;
			projectDirPath = "";
			projectRoot = "";
			targets = (
				B56386401DB9693800A0598C /* sounddump */,
			);
		};
/* End PBXProject section */

/* Begin PBXResourcesBuildPhase section */
		B563863F1DB9693800A0598C /* Resources */ = {
			isa = PBXResourcesBuildPhase;
			buildActionMask = 2147483647;
			files = (
				B5693E911FABD46800307FA4 /* launch_background_image.png in Resources */,
				B501732B1DC01252003445D9 /* EXShell.plist in Resources */,
				B5CFBF4F1EDE419400B4BE24 /* EXBuildConstants.plist in Resources */,
				B56386671DB9994300A0598C /* EXSDKVersions.plist in Resources */,
				B5693E921FABD46800307FA4 /* launch_icon.png in Resources */,
				B5693E8E1FABD16A00307FA4 /* LaunchScreen.xib in Resources */,
				B5DB04801F3A684600E91581 /* shell-app-manifest.json in Resources */,
				B5DB04811F3A684600E91581 /* shell-app.bundle in Resources */,
				B56386511DB9693800A0598C /* Assets.xcassets in Resources */,
				4D1F13BD6BE14D5BAC0E0796 /* AntDesign.ttf in Resources */,
				D584FBC449B04BE9A30EFDA0 /* Entypo.ttf in Resources */,
				890A2C65690F4EA991D5FFDA /* EvilIcons.ttf in Resources */,
				17CF095FE44140BBB03DF907 /* Feather.ttf in Resources */,
				ECCF63F5ACFE4C74BD15E181 /* FontAwesome.ttf in Resources */,
				5F79FE6F1D5043248D39D160 /* FontAwesome5_Brands.ttf in Resources */,
				4DE3FF6128EF4E7CA1CFD3E4 /* FontAwesome5_Regular.ttf in Resources */,
				4F5527BD98C24E2C9F1FA4FF /* FontAwesome5_Solid.ttf in Resources */,
				D34C5FB3F3954158861110CB /* Fontisto.ttf in Resources */,
				29BC9A8E206048C89BF7773B /* Foundation.ttf in Resources */,
				13C143B0EB1F4673B3E5FE40 /* Ionicons.ttf in Resources */,
				3E5FFFA0980B41148CCC1720 /* MaterialCommunityIcons.ttf in Resources */,
				6942832677A146AF9C71022E /* MaterialIcons.ttf in Resources */,
				AD74F219A30D47199515423F /* Octicons.ttf in Resources */,
				0F5EB4CD7EC648399678BE45 /* SimpleLineIcons.ttf in Resources */,
				72F7245F055949D79171BD7A /* Zocial.ttf in Resources */,
				223D5B63F19D4CEBB3AF90FC /* antfill.ttf in Resources */,
				281368C4C8D1429AA10DF563 /* antoutline.ttf in Resources */,
			);
			runOnlyForDeploymentPostprocessing = 0;
		};
/* End PBXResourcesBuildPhase section */

/* Begin PBXShellScriptBuildPhase section */
		19D233B7204FDD7D0087ED51 /* Bundle Expo Assets */ = {
			isa = PBXShellScriptBuildPhase;
			buildActionMask = 2147483647;
			files = (
			);
			inputPaths = (
			);
			name = "Bundle Expo Assets";
			outputPaths = (
			);
			runOnlyForDeploymentPostprocessing = 0;
			shellPath = /bin/sh;
			shellScript = "set -eo pipefail\n\nif [ \"$CONFIGURATION\" == \"Debug\" ]; then\n  echo \"Skipping asset bundling in debug mode.\"\n  exit 0\nfi\n\npushd \"${SRCROOT}/..\"\nexport PATH=\"$(if [ -f ~/.expo/PATH ]; then echo $PATH:$(cat ~/.expo/PATH); else echo $PATH; fi)\"\ndest=\"$CONFIGURATION_BUILD_DIR/$UNLOCALIZED_RESOURCES_FOLDER_PATH\"\nexpo bundle-assets --platform ios --dest \"$dest\"\npopd\n";
		};
		23539343DCC44EF8449429EE /* [CP] Check Pods Manifest.lock */ = {
			isa = PBXShellScriptBuildPhase;
			buildActionMask = 2147483647;
			files = (
			);
			inputPaths = (
			);
			name = "[CP] Check Pods Manifest.lock";
			outputPaths = (
			);
			runOnlyForDeploymentPostprocessing = 0;
			shellPath = /bin/sh;
			shellScript = "diff \"${PODS_PODFILE_DIR_PATH}/Podfile.lock\" \"${PODS_ROOT}/Manifest.lock\" > /dev/null\nif [ $? != 0 ] ; then\n    # print error to STDERR\n    echo \"error: The sandbox is not in sync with the Podfile.lock. Run 'pod install' or update your CocoaPods installation.\" >&2\n    exit 1\nfi\n";
			showEnvVarsInLog = 0;
		};
		8D34C7FE3D99F20E5EA1B18A /* [CP] Embed Pods Frameworks */ = {
			isa = PBXShellScriptBuildPhase;
			buildActionMask = 2147483647;
			files = (
			);
			inputPaths = (
			);
			name = "[CP] Embed Pods Frameworks";
			outputPaths = (
			);
			runOnlyForDeploymentPostprocessing = 0;
			shellPath = /bin/sh;
			shellScript = "\"${SRCROOT}/Pods/Target Support Files/Pods-sounddump/Pods-sounddump-frameworks.sh\"\n";
			showEnvVarsInLog = 0;
		};
		AA38385B7D8D0854176B72FC /* [CP] Copy Pods Resources */ = {
			isa = PBXShellScriptBuildPhase;
			buildActionMask = 2147483647;
			files = (
			);
			inputPaths = (
			);
			name = "[CP] Copy Pods Resources";
			outputPaths = (
			);
			runOnlyForDeploymentPostprocessing = 0;
			shellPath = /bin/sh;
			shellScript = "\"${SRCROOT}/Pods/Target Support Files/Pods-sounddump/Pods-sounddump-resources.sh\"\n";
			showEnvVarsInLog = 0;
		};
		B5722AD01DFB7E3F0084848F /* Prepare Expo */ = {
			isa = PBXShellScriptBuildPhase;
			buildActionMask = 2147483647;
			files = (
			);
			inputPaths = (
			);
			name = "Prepare Expo";
			outputPaths = (
			);
			runOnlyForDeploymentPostprocessing = 0;
			shellPath = /bin/bash;
			shellScript = "set -eo pipefail\n\nexport PATH=\"$(if [ -f ~/.expo/PATH ]; then echo $PATH:$(cat ~/.expo/PATH); else echo $PATH; fi)\"\nexpo prepare-detached-build --platform ios \"${SRCROOT}/..\"\n";
		};
/* End PBXShellScriptBuildPhase section */

/* Begin PBXSourcesBuildPhase section */
		B563863D1DB9693800A0598C /* Sources */ = {
			isa = PBXSourcesBuildPhase;
			buildActionMask = 2147483647;
			files = (
				B56386611DB96A5E00A0598C /* main.m in Sources */,
				B56386491DB9693800A0598C /* AppDelegate.m in Sources */,
			);
			runOnlyForDeploymentPostprocessing = 0;
		};
/* End PBXSourcesBuildPhase section */

/* Begin XCBuildConfiguration section */
		B56386561DB9693800A0598C /* Debug */ = {
			isa = XCBuildConfiguration;
			buildSettings = {
				ALWAYS_SEARCH_USER_PATHS = NO;
				CLANG_ANALYZER_NONNULL = YES;
				CLANG_CXX_LANGUAGE_STANDARD = "gnu++0x";
				CLANG_CXX_LIBRARY = "libc++";
				CLANG_ENABLE_MODULES = YES;
				CLANG_ENABLE_OBJC_ARC = YES;
				CLANG_WARN_BLOCK_CAPTURE_AUTORELEASING = YES;
				CLANG_WARN_BOOL_CONVERSION = YES;
				CLANG_WARN_COMMA = YES;
				CLANG_WARN_CONSTANT_CONVERSION = YES;
				CLANG_WARN_DIRECT_OBJC_ISA_USAGE = YES_ERROR;
				CLANG_WARN_DOCUMENTATION_COMMENTS = YES;
				CLANG_WARN_EMPTY_BODY = YES;
				CLANG_WARN_ENUM_CONVERSION = YES;
				CLANG_WARN_INFINITE_RECURSION = YES;
				CLANG_WARN_INT_CONVERSION = YES;
				CLANG_WARN_NON_LITERAL_NULL_CONVERSION = YES;
				CLANG_WARN_OBJC_LITERAL_CONVERSION = YES;
				CLANG_WARN_OBJC_ROOT_CLASS = YES_ERROR;
				CLANG_WARN_RANGE_LOOP_ANALYSIS = YES;
				CLANG_WARN_STRICT_PROTOTYPES = YES;
				CLANG_WARN_SUSPICIOUS_MOVE = YES;
				CLANG_WARN_SUSPICIOUS_MOVES = YES;
				CLANG_WARN_UNREACHABLE_CODE = YES;
				CLANG_WARN__DUPLICATE_METHOD_MATCH = YES;
				"CODE_SIGN_IDENTITY[sdk=iphoneos*]" = "iPhone Developer";
				COPY_PHASE_STRIP = NO;
				DEBUG_INFORMATION_FORMAT = dwarf;
				ENABLE_STRICT_OBJC_MSGSEND = YES;
				ENABLE_TESTABILITY = YES;
				GCC_C_LANGUAGE_STANDARD = gnu99;
				GCC_DYNAMIC_NO_PIC = NO;
				GCC_NO_COMMON_BLOCKS = YES;
				GCC_OPTIMIZATION_LEVEL = 0;
				GCC_PREPROCESSOR_DEFINITIONS = (
					"DEBUG=1",
					"$(inherited)",
				);
				GCC_WARN_64_TO_32_BIT_CONVERSION = YES;
				GCC_WARN_ABOUT_RETURN_TYPE = YES_ERROR;
				GCC_WARN_UNDECLARED_SELECTOR = YES;
				GCC_WARN_UNINITIALIZED_AUTOS = YES_AGGRESSIVE;
				GCC_WARN_UNUSED_FUNCTION = YES;
				GCC_WARN_UNUSED_VARIABLE = YES;
				IPHONEOS_DEPLOYMENT_TARGET = 10.0;
				MTL_ENABLE_DEBUG_INFO = YES;
				ONLY_ACTIVE_ARCH = YES;
				SDKROOT = iphoneos;
			};
			name = Debug;
		};
		B56386571DB9693800A0598C /* Release */ = {
			isa = XCBuildConfiguration;
			buildSettings = {
				ALWAYS_SEARCH_USER_PATHS = NO;
				CLANG_ANALYZER_NONNULL = YES;
				CLANG_CXX_LANGUAGE_STANDARD = "gnu++0x";
				CLANG_CXX_LIBRARY = "libc++";
				CLANG_ENABLE_MODULES = YES;
				CLANG_ENABLE_OBJC_ARC = YES;
				CLANG_WARN_BLOCK_CAPTURE_AUTORELEASING = YES;
				CLANG_WARN_BOOL_CONVERSION = YES;
				CLANG_WARN_COMMA = YES;
				CLANG_WARN_CONSTANT_CONVERSION = YES;
				CLANG_WARN_DIRECT_OBJC_ISA_USAGE = YES_ERROR;
				CLANG_WARN_DOCUMENTATION_COMMENTS = YES;
				CLANG_WARN_EMPTY_BODY = YES;
				CLANG_WARN_ENUM_CONVERSION = YES;
				CLANG_WARN_INFINITE_RECURSION = YES;
				CLANG_WARN_INT_CONVERSION = YES;
				CLANG_WARN_NON_LITERAL_NULL_CONVERSION = YES;
				CLANG_WARN_OBJC_LITERAL_CONVERSION = YES;
				CLANG_WARN_OBJC_ROOT_CLASS = YES_ERROR;
				CLANG_WARN_RANGE_LOOP_ANALYSIS = YES;
				CLANG_WARN_STRICT_PROTOTYPES = YES;
				CLANG_WARN_SUSPICIOUS_MOVE = YES;
				CLANG_WARN_SUSPICIOUS_MOVES = YES;
				CLANG_WARN_UNREACHABLE_CODE = YES;
				CLANG_WARN__DUPLICATE_METHOD_MATCH = YES;
				"CODE_SIGN_IDENTITY[sdk=iphoneos*]" = "iPhone Developer";
				COPY_PHASE_STRIP = NO;
				DEBUG_INFORMATION_FORMAT = "dwarf-with-dsym";
				ENABLE_NS_ASSERTIONS = NO;
				ENABLE_STRICT_OBJC_MSGSEND = YES;
				GCC_C_LANGUAGE_STANDARD = gnu99;
				GCC_NO_COMMON_BLOCKS = YES;
				GCC_WARN_64_TO_32_BIT_CONVERSION = YES;
				GCC_WARN_ABOUT_RETURN_TYPE = YES_ERROR;
				GCC_WARN_UNDECLARED_SELECTOR = YES;
				GCC_WARN_UNINITIALIZED_AUTOS = YES_AGGRESSIVE;
				GCC_WARN_UNUSED_FUNCTION = YES;
				GCC_WARN_UNUSED_VARIABLE = YES;
				IPHONEOS_DEPLOYMENT_TARGET = 10.0;
				MTL_ENABLE_DEBUG_INFO = NO;
				SDKROOT = iphoneos;
				VALIDATE_PRODUCT = YES;
			};
			name = Release;
		};
		B56386591DB9693800A0598C /* Debug */ = {
			isa = XCBuildConfiguration;
			baseConfigurationReference = 2C1548D9E4CB1AEFA5CCAE6D /* Pods-sounddump.debug.xcconfig */;
			buildSettings = {
				ASSETCATALOG_COMPILER_APPICON_NAME = AppIcon;
				DEVELOPMENT_TEAM = C8D8QTF339;
				INFOPLIST_FILE = "$(SRCROOT)/sounddump/Supporting/Info.plist";
				LD_RUNPATH_SEARCH_PATHS = "$(inherited) @executable_path/Frameworks";
				PRODUCT_BUNDLE_IDENTIFIER = sounddump;
				PRODUCT_NAME = "$(TARGET_NAME)";
				TARGETED_DEVICE_FAMILY = "1,2";
			};
			name = Debug;
		};
		B563865A1DB9693800A0598C /* Release */ = {
			isa = XCBuildConfiguration;
			baseConfigurationReference = A47FE4D7F70906B7DC8CE39B /* Pods-sounddump.release.xcconfig */;
			buildSettings = {
				ASSETCATALOG_COMPILER_APPICON_NAME = AppIcon;
				DEVELOPMENT_TEAM = C8D8QTF339;
				"FRAMEWORK_SEARCH_PATHS[arch=*]" = "../node_modules/react-native-spotify-remote/ios/external/SpotifySDK";
				INFOPLIST_FILE = "$(SRCROOT)/sounddump/Supporting/Info.plist";
				LD_RUNPATH_SEARCH_PATHS = "$(inherited) @executable_path/Frameworks";
				PRODUCT_BUNDLE_IDENTIFIER = sounddump;
				PRODUCT_NAME = "$(TARGET_NAME)";
				TARGETED_DEVICE_FAMILY = "1,2";
			};
			name = Release;
		};
/* End XCBuildConfiguration section */

/* Begin XCConfigurationList section */
		B563863C1DB9693800A0598C /* Build configuration list for PBXProject "sounddump" */ = {
			isa = XCConfigurationList;
			buildConfigurations = (
				B56386561DB9693800A0598C /* Debug */,
				B56386571DB9693800A0598C /* Release */,
			);
			defaultConfigurationIsVisible = 0;
			defaultConfigurationName = Release;
		};
		B56386581DB9693800A0598C /* Build configuration list for PBXNativeTarget "sounddump" */ = {
			isa = XCConfigurationList;
			buildConfigurations = (
				B56386591DB9693800A0598C /* Debug */,
				B563865A1DB9693800A0598C /* Release */,
			);
			defaultConfigurationIsVisible = 0;
			defaultConfigurationName = Release;
		};
/* End XCConfigurationList section */
	};
	rootObject = B56386391DB9693800A0598C /* Project object */;
}
